
Microsoft Visual Studio Solution File, Format Version 12.00
# Visual Studio Version 16
VisualStudioVersion = 16.0.29911.84
MinimumVisualStudioVersion = 10.0.40219.1
Project("{FAE04EC0-301F-11D3-BF4B-00C04F79EFBC}") = "MediatorPatternDemo", "MediatorPatternDemo\MediatorPatternDemo.csproj", "{11FFDE52-5601-4AE1-8D3C-2C87908E432A}"
EndProject
Global
	GlobalSection(SolutionConfigurationPlatforms) = preSolution
		Debug|Any CPU = Debug|Any CPU
		Release|Any CPU = Release|Any CPU
	EndGlobalSection
	GlobalSection(ProjectConfigurationPlatforms) = postSolution
		{11FFDE52-5601-4AE1-8D3C-2C87908E432A}.Debug|Any CPU.ActiveCfg = Debug|Any CPU
		{11FFDE52-5601-4AE1-8D3C-2C87908E432A}.Debug|Any CPU.Build.0 = Debug|Any CPU
		{11FFDE52-5601-4AE1-8D3C-2C87908E432A}.Release|Any CPU.ActiveCfg = Release|Any CPU
		{11FFDE52-5601-4AE1-8D3C-2C87908E432A}.Release|Any CPU.Build.0 = Release|Any CPU
	EndGlobalSection
	GlobalSection(SolutionProperties) = preSolution
		HideSolutionNode = FALSE
	EndGlobalSection
	GlobalSection(ExtensibilityGlobals) = postSolution
		SolutionGuid = {FE10779F-B3A8-46C7-99D8-C8A49671858E}
	EndGlobalSection
EndGlobal
